
Microsoft Visual Studio Solution File, Format Version 12.00
# Visual Studio Version 17
VisualStudioVersion = 17.9.34622.214
MinimumVisualStudioVersion = 10.0.40219.1
Project("{9A19103F-16F7-4668-BE54-9A1E7A4F7556}") = "IM-Wc", "IM-Wc\IM-Wc.csproj", "{ACD13426-2572-465B-BF90-1A139D483059}"
EndProject
Project("{9A19103F-16F7-4668-BE54-9A1E7A4F7556}") = "IM-Wc.Server", "IM-Wc.Server\IM-Wc.Server.csproj", "{13A03999-0DC2-40B7-A971-2D97B2CAF162}"
EndProject
Project("{9A19103F-16F7-4668-BE54-9A1E7A4F7556}") = "ChatWPF.Common", "ChatWPF.Common\ChatWPF.Common.csproj", "{7BFD2BC0-3635-4BBF-963B-166ADCA3DD9E}"
EndProject
Project("{9A19103F-16F7-4668-BE54-9A1E7A4F7556}") = "ChatWPF.Models", "ChatWPF.Models\ChatWPF.Models.csproj", "{C12F453F-74C3-4953-9413-51B071FCA5E3}"
EndProject
Project("{9A19103F-16F7-4668-BE54-9A1E7A4F7556}") = "ChatWPF.Entities", "Entities\ChatWPF.Entities.csproj", "{0096D5E0-F6CD-44ED-9B0A-351E04B06009}"
EndProject
Project("{9A19103F-16F7-4668-BE54-9A1E7A4F7556}") = "ChatWPF.Repositories", "Repositories\ChatWPF.Repositories.csproj", "{8B67A555-3479-4499-B2CF-FF2F2C64A14C}"
EndProject
Project("{9A19103F-16F7-4668-BE54-9A1E7A4F7556}") = "DbTest", "DbTest\DbTest.csproj", "{04B787CC-7698-4833-9A95-37475B9AD22E}"
EndProject
Global
	GlobalSection(SolutionConfigurationPlatforms) = preSolution
		Debug|Any CPU = Debug|Any CPU
		Release|Any CPU = Release|Any CPU
	EndGlobalSection
	GlobalSection(ProjectConfigurationPlatforms) = postSolution
		{ACD13426-2572-465B-BF90-1A139D483059}.Debug|Any CPU.ActiveCfg = Debug|Any CPU
		{ACD13426-2572-465B-BF90-1A139D483059}.Debug|Any CPU.Build.0 = Debug|Any CPU
		{ACD13426-2572-465B-BF90-1A139D483059}.Release|Any CPU.ActiveCfg = Release|Any CPU
		{ACD13426-2572-465B-BF90-1A139D483059}.Release|Any CPU.Build.0 = Release|Any CPU
		{13A03999-0DC2-40B7-A971-2D97B2CAF162}.Debug|Any CPU.ActiveCfg = Debug|Any CPU
		{13A03999-0DC2-40B7-A971-2D97B2CAF162}.Debug|Any CPU.Build.0 = Debug|Any CPU
		{13A03999-0DC2-40B7-A971-2D97B2CAF162}.Release|Any CPU.ActiveCfg = Release|Any CPU
		{13A03999-0DC2-40B7-A971-2D97B2CAF162}.Release|Any CPU.Build.0 = Release|Any CPU
		{7BFD2BC0-3635-4BBF-963B-166ADCA3DD9E}.Debug|Any CPU.ActiveCfg = Debug|Any CPU
		{7BFD2BC0-3635-4BBF-963B-166ADCA3DD9E}.Debug|Any CPU.Build.0 = Debug|Any CPU
		{7BFD2BC0-3635-4BBF-963B-166ADCA3DD9E}.Release|Any CPU.ActiveCfg = Release|Any CPU
		{7BFD2BC0-3635-4BBF-963B-166ADCA3DD9E}.Release|Any CPU.Build.0 = Release|Any CPU
		{C12F453F-74C3-4953-9413-51B071FCA5E3}.Debug|Any CPU.ActiveCfg = Debug|Any CPU
		{C12F453F-74C3-4953-9413-51B071FCA5E3}.Debug|Any CPU.Build.0 = Debug|Any CPU
		{C12F453F-74C3-4953-9413-51B071FCA5E3}.Release|Any CPU.ActiveCfg = Release|Any CPU
		{C12F453F-74C3-4953-9413-51B071FCA5E3}.Release|Any CPU.Build.0 = Release|Any CPU
		{0096D5E0-F6CD-44ED-9B0A-351E04B06009}.Debug|Any CPU.ActiveCfg = Debug|Any CPU
		{0096D5E0-F6CD-44ED-9B0A-351E04B06009}.Debug|Any CPU.Build.0 = Debug|Any CPU
		{0096D5E0-F6CD-44ED-9B0A-351E04B06009}.Release|Any CPU.ActiveCfg = Release|Any CPU
		{0096D5E0-F6CD-44ED-9B0A-351E04B06009}.Release|Any CPU.Build.0 = Release|Any CPU
		{8B67A555-3479-4499-B2CF-FF2F2C64A14C}.Debug|Any CPU.ActiveCfg = Debug|Any CPU
		{8B67A555-3479-4499-B2CF-FF2F2C64A14C}.Debug|Any CPU.Build.0 = Debug|Any CPU
		{8B67A555-3479-4499-B2CF-FF2F2C64A14C}.Release|Any CPU.ActiveCfg = Release|Any CPU
		{8B67A555-3479-4499-B2CF-FF2F2C64A14C}.Release|Any CPU.Build.0 = Release|Any CPU
		{04B787CC-7698-4833-9A95-37475B9AD22E}.Debug|Any CPU.ActiveCfg = Debug|Any CPU
		{04B787CC-7698-4833-9A95-37475B9AD22E}.Debug|Any CPU.Build.0 = Debug|Any CPU
		{04B787CC-7698-4833-9A95-37475B9AD22E}.Release|Any CPU.ActiveCfg = Release|Any CPU
		{04B787CC-7698-4833-9A95-37475B9AD22E}.Release|Any CPU.Build.0 = Release|Any CPU
	EndGlobalSection
	GlobalSection(SolutionProperties) = preSolution
		HideSolutionNode = FALSE
	EndGlobalSection
	GlobalSection(ExtensibilityGlobals) = postSolution
		SolutionGuid = {07132F6D-7C3F-4209-AE61-A089B2C7C2A5}
	EndGlobalSection
EndGlobal
